
Microsoft Visual Studio Solution File, Format Version 12.00
# Visual Studio Version 17
VisualStudioVersion = 17.3.32804.467
MinimumVisualStudioVersion = 10.0.40219.1
Project("{FAE04EC0-301F-11D3-BF4B-00C04F79EFBC}") = "Bank", "Bank.csproj", "{8184FC61-AA00-4807-ACC6-775A8B887367}"
EndProject
Global
	GlobalSection(SolutionConfigurationPlatforms) = preSolution
		Debug|Any CPU = Debug|Any CPU
		Release|Any CPU = Release|Any CPU
	EndGlobalSection
	GlobalSection(ProjectConfigurationPlatforms) = postSolution
		{8184FC61-AA00-4807-ACC6-775A8B887367}.Debug|Any CPU.ActiveCfg = Debug|Any CPU
		{8184FC61-AA00-4807-ACC6-775A8B887367}.Debug|Any CPU.Build.0 = Debug|Any CPU
		{8184FC61-AA00-4807-ACC6-775A8B887367}.Release|Any CPU.ActiveCfg = Release|Any CPU
		{8184FC61-AA00-4807-ACC6-775A8B887367}.Release|Any CPU.Build.0 = Release|Any CPU
	EndGlobalSection
	GlobalSection(SolutionProperties) = preSolution
		HideSolutionNode = FALSE
	EndGlobalSection
	GlobalSection(ExtensibilityGlobals) = postSolution
		SolutionGuid = {36EF1DDA-326C-4285-BFA9-86A2F1054C50}
	EndGlobalSection
EndGlobal
